// !$*UTF8*$!
{
	archiveVersion = 1;
	classes = {
	};
	objectVersion = 46;
	objects = {

/* Begin PBXBuildFile section */
		BE255A451E5DB63200A28712 /* IMG_3028.JPG in Resources */ = {isa = PBXBuildFile; fileRef = BE255A441E5DB63200A28712 /* IMG_3028.JPG */; };
		BEA3FF361E5C848100A095E8 /* AppDelegate.swift in Sources */ = {isa = PBXBuildFile; fileRef = BEA3FF351E5C848100A095E8 /* AppDelegate.swift */; };
		BEA3FF381E5C848100A095E8 /* ViewController.swift in Sources */ = {isa = PBXBuildFile; fileRef = BEA3FF371E5C848100A095E8 /* ViewController.swift */; };
		BEA3FF3B1E5C848100A095E8 /* Main.storyboard in Resources */ = {isa = PBXBuildFile; fileRef = BEA3FF391E5C848100A095E8 /* Main.storyboard */; };
		BEA3FF3D1E5C848100A095E8 /* Assets.xcassets in Resources */ = {isa = PBXBuildFile; fileRef = BEA3FF3C1E5C848100A095E8 /* Assets.xcassets */; };
		BEA3FF401E5C848100A095E8 /* LaunchScreen.storyboard in Resources */ = {isa = PBXBuildFile; fileRef = BEA3FF3E1E5C848100A095E8 /* LaunchScreen.storyboard */; };
/* End PBXBuildFile section */

/* Begin PBXFileReference section */
		BE255A441E5DB63200A28712 /* IMG_3028.JPG */ = {isa = PBXFileReference; lastKnownFileType = image.jpeg; name = IMG_3028.JPG; path = "../../../../../../Volumes/VMware Shared Folders/C&%/Users/arjun gupta/Pictures/mosi home 18 feb, 2017 masti go karting/IMG_3028.JPG"; sourceTree = "<group>"; };
		BEA3FF321E5C848100A095E8 /* Hello World.app */ = {isa = PBXFileReference; explicitFileType = wrapper.application; includeInIndex = 0; path = "Hello World.app"; sourceTree = BUILT_PRODUCTS_DIR; };
		BEA3FF351E5C848100A095E8 /* AppDelegate.swift */ = {isa = PBXFileReference; lastKnownFileType = sourcecode.swift; path = AppDelegate.swift; sourceTree = "<group>"; };
		BEA3FF371E5C848100A095E8 /* ViewController.swift */ = {isa = PBXFileReference; lastKnownFileType = sourcecode.swift; path = ViewController.swift; sourceTree = "<group>"; };
		BEA3FF3A1E5C848100A095E8 /* Base */ = {isa = PBXFileReference; lastKnownFileType = file.storyboard; name = Base; path = Base.lproj/Main.storyboard; sourceTree = "<group>"; };
		BEA3FF3C1E5C848100A095E8 /* Assets.xcassets */ = {isa = PBXFileReference; lastKnownFileType = folder.assetcatalog; path = Assets.xcassets; sourceTree = "<group>"; };
		BEA3FF3F1E5C848100A095E8 /* Base */ = {isa = PBXFileReference; lastKnownFileType = file.storyboard; name = Base; path = Base.lproj/LaunchScreen.storyboard; sourceTree = "<group>"; };
		BEA3FF411E5C848100A095E8 /* Info.plist */ = {isa = PBXFileReference; lastKnownFileType = text.plist.xml; path = Info.plist; sourceTree = "<group>"; };
/* End PBXFileReference section */

/* Begin PBXFrameworksBuildPhase section */
		BEA3FF2F1E5C848100A095E8 /* Frameworks */ = {
			isa = PBXFrameworksBuildPhase;
			buildActionMask = 2147483647;
			files = (
			);
			runOnlyForDeploymentPostprocessing = 0;
		};
/* End PBXFrameworksBuildPhase section */

/* Begin PBXGroup section */
		BEA3FF291E5C848100A095E8 = {
			isa = PBXGroup;
			children = (
				BEA3FF341E5C848100A095E8 /* Hello World */,
				BEA3FF331E5C848100A095E8 /* Products */,
			);
			sourceTree = "<group>";
		};
		BEA3FF331E5C848100A095E8 /* Products */ = {
			isa = PBXGroup;
			children = (
				BEA3FF321E5C848100A095E8 /* Hello World.app */,
			);
			name = Products;
			sourceTree = "<group>";
		};
		BEA3FF341E5C848100A095E8 /* Hello World */ = {
			isa = PBXGroup;
			children = (
				BEA3FF351E5C848100A095E8 /* AppDelegate.swift */,
				BEA3FF371E5C848100A095E8 /* ViewController.swift */,
				BEA3FF391E5C848100A095E8 /* Main.storyboard */,
				BE255A441E5DB63200A28712 /* IMG_3028.JPG */,
				BEA3FF3C1E5C848100A095E8 /* Assets.xcassets */,
				BEA3FF3E1E5C848100A095E8 /* LaunchScreen.storyboard */,
				BEA3FF411E5C848100A095E8 /* Info.plist */,
			);
			path = "Hello World";
			sourceTree = "<group>";
		};
/* End PBXGroup section */

/* Begin PBXNativeTarget section */
		BEA3FF311E5C848100A095E8 /* Hello World */ = {
			isa = PBXNativeTarget;
			buildConfigurationList = BEA3FF441E5C848100A095E8 /* Build configuration list for PBXNativeTarget "Hello World" */;
			buildPhases = (
				BEA3FF2E1E5C848100A095E8 /* Sources */,
				BEA3FF2F1E5C848100A095E8 /* Frameworks */,
				BEA3FF301E5C848100A095E8 /* Resources */,
			);
			buildRules = (
			);
			dependencies = (
			);
			name = "Hello World";
			productName = "Hello World";
			productReference = BEA3FF321E5C848100A095E8 /* Hello World.app */;
			productType = "com.apple.product-type.application";
		};
/* End PBXNativeTarget section */

/* Begin PBXProject section */
		BEA3FF2A1E5C848100A095E8 /* Project object */ = {
			isa = PBXProject;
			attributes = {
				LastSwiftUpdateCheck = 0820;
				LastUpgradeCheck = 0820;
				ORGANIZATIONNAME = "arjun gupta";
				TargetAttributes = {
					BEA3FF311E5C848100A095E8 = {
						CreatedOnToolsVersion = 8.2.1;
						ProvisioningStyle = Automatic;
					};
				};
			};
			buildConfigurationList = BEA3FF2D1E5C848100A095E8 /* Build configuration list for PBXProject "Hello World" */;
			compatibilityVersion = "Xcode 3.2";
			developmentRegion = English;
			hasScannedForEncodings = 0;
			knownRegions = (
				en,
				Base,
			);
			mainGroup = BEA3FF291E5C848100A095E8;
			productRefGroup = BEA3FF331E5C848100A095E8 /* Products */;
			projectDirPath = "";
			projectRoot = "";
			targets = (
				BEA3FF311E5C848100A095E8 /* Hello World */,
			);
		};
/* End PBXProject section */

/* Begin PBXResourcesBuildPhase section */
		BEA3FF301E5C848100A095E8 /* Resources */ = {
			isa = PBXResourcesBuildPhase;
			buildActionMask = 2147483647;
			files = (
				BE255A451E5DB63200A28712 /* IMG_3028.JPG in Resources */,
				BEA3FF401E5C848100A095E8 /* LaunchScreen.storyboard in Resources */,
				BEA3FF3D1E5C848100A095E8 /* Assets.xcassets in Resources */,
				BEA3FF3B1E5C848100A095E8 /* Main.storyboard in Resources */,
			);
			runOnlyForDeploymentPostprocessing = 0;
		};
/* End PBXResourcesBuildPhase section */

/* Begin PBXSourcesBuildPhase section */
		BEA3FF2E1E5C848100A095E8 /* Sources */ = {
			isa = PBXSourcesBuildPhase;
			buildActionMask = 2147483647;
			files = (
				BEA3FF381E5C848100A095E8 /* ViewController.swift in Sources */,
				BEA3FF361E5C848100A095E8 /* AppDelegate.swift in Sources */,
			);
			runOnlyForDeploymentPostprocessing = 0;
		};
/* End PBXSourcesBuildPhase section */

/* Begin PBXVariantGroup section */
		BEA3FF391E5C848100A095E8 /* Main.storyboard */ = {
			isa = PBXVariantGroup;
			children = (
				BEA3FF3A1E5C848100A095E8 /* Base */,
			);
			name = Main.storyboard;
			sourceTree = "<group>";
		};
		BEA3FF3E1E5C848100A095E8 /* LaunchScreen.storyboard */ = {
			isa = PBXVariantGroup;
			children = (
				BEA3FF3F1E5C848100A095E8 /* Base */,
			);
			name = LaunchScreen.storyboard;
			sourceTree = "<group>";
		};
/* End PBXVariantGroup section */

/* Begin XCBuildConfiguration section */
		BEA3FF421E5C848100A095E8 /* Debug */ = {
			isa = XCBuildConfiguration;
			buildSettings = {
				ALWAYS_SEARCH_USER_PATHS = NO;
				CLANG_ANALYZER_NONNULL = YES;
				CLANG_CXX_LANGUAGE_STANDARD = "gnu++0x";
				CLANG_CXX_LIBRARY = "libc++";
				CLANG_ENABLE_MODULES = YES;
				CLANG_ENABLE_OBJC_ARC = YES;
				CLANG_WARN_BOOL_CONVERSION = YES;
				CLANG_WARN_CONSTANT_CONVERSION = YES;
				CLANG_WARN_DIRECT_OBJC_ISA_USAGE = YES_ERROR;
				CLANG_WARN_DOCUMENTATION_COMMENTS = YES;
				CLANG_WARN_EMPTY_BODY = YES;
				CLANG_WARN_ENUM_CONVERSION = YES;
				CLANG_WARN_INFINITE_RECURSION = YES;
				CLANG_WARN_INT_CONVERSION = YES;
				CLANG_WARN_OBJC_ROOT_CLASS = YES_ERROR;
				CLANG_WARN_SUSPICIOUS_MOVE = YES;
				CLANG_WARN_UNREACHABLE_CODE = YES;
				CLANG_WARN__DUPLICATE_METHOD_MATCH = YES;
				"CODE_SIGN_IDENTITY[sdk=iphoneos*]" = "iPhone Developer";
				COPY_PHASE_STRIP = NO;
				DEBUG_INFORMATION_FORMAT = dwarf;
				ENABLE_STRICT_OBJC_MSGSEND = YES;
				ENABLE_TESTABILITY = YES;
				GCC_C_LANGUAGE_STANDARD = gnu99;
				GCC_DYNAMIC_NO_PIC = NO;
				GCC_NO_COMMON_BLOCKS = YES;
				GCC_OPTIMIZATION_LEVEL = 0;
				GCC_PREPROCESSOR_DEFINITIONS = (
					"DEBUG=1",
					"$(inherited)",
				);
				GCC_WARN_64_TO_32_BIT_CONVERSION = YES;
				GCC_WARN_ABOUT_RETURN_TYPE = YES_ERROR;
				GCC_WARN_UNDECLARED_SELECTOR = YES;
				GCC_WARN_UNINITIALIZED_AUTOS = YES_AGGRESSIVE;
				GCC_WARN_UNUSED_FUNCTION = YES;
				GCC_WARN_UNUSED_VARIABLE = YES;
				IPHONEOS_DEPLOYMENT_TARGET = 10.2;
				MTL_ENABLE_DEBUG_INFO = YES;
				ONLY_ACTIVE_ARCH = YES;
				SDKROOT = iphoneos;
				SWIFT_ACTIVE_COMPILATION_CONDITIONS = DEBUG;
				SWIFT_OPTIMIZATION_LEVEL = "-Onone";
			};
			name = Debug;
		};
		BEA3FF431E5C848100A095E8 /* Release */ = {
			isa = XCBuildConfiguration;
			buildSettings = {
				ALWAYS_SEARCH_USER_PATHS = NO;
				CLANG_ANALYZER_NONNULL = YES;
				CLANG_CXX_LANGUAGE_STANDARD = "gnu++0x";
				CLANG_CXX_LIBRARY = "libc++";
				CLANG_ENABLE_MODULES = YES;
				CLANG_ENABLE_OBJC_ARC = YES;
				CLANG_WARN_BOOL_CONVERSION = YES;
				CLANG_WARN_CONSTANT_CONVERSION = YES;
				CLANG_WARN_DIRECT_OBJC_ISA_USAGE = YES_ERROR;
				CLANG_WARN_DOCUMENTATION_COMMENTS = YES;
				CLANG_WARN_EMPTY_BODY = YES;
				CLANG_WARN_ENUM_CONVERSION = YES;
				CLANG_WARN_INFINITE_RECURSION = YES;
				CLANG_WARN_INT_CONVERSION = YES;
				CLANG_WARN_OBJC_ROOT_CLASS = YES_ERROR;
				CLANG_WARN_SUSPICIOUS_MOVE = YES;
				CLANG_WARN_UNREACHABLE_CODE = YES;
				CLANG_WARN__DUPLICATE_METHOD_MATCH = YES;
				"CODE_SIGN_IDENTITY[sdk=iphoneos*]" = "iPhone Developer";
				COPY_PHASE_STRIP = NO;
				DEBUG_INFORMATION_FORMAT = "dwarf-with-dsym";
				ENABLE_NS_ASSERTIONS = NO;
				ENABLE_STRICT_OBJC_MSGSEND = YES;
				GCC_C_LANGUAGE_STANDARD = gnu99;
				GCC_NO_COMMON_BLOCKS = YES;
				GCC_WARN_64_TO_32_BIT_CONVERSION = YES;
				GCC_WARN_ABOUT_RETURN_TYPE = YES_ERROR;
				GCC_WARN_UNDECLARED_SELECTOR = YES;
				GCC_WARN_UNINITIALIZED_AUTOS = YES_AGGRESSIVE;
				GCC_WARN_UNUSED_FUNCTION = YES;
				GCC_WARN_UNUSED_VARIABLE = YES;
				IPHONEOS_DEPLOYMENT_TARGET = 10.2;
				MTL_ENABLE_DEBUG_INFO = NO;
				SDKROOT = iphoneos;
				SWIFT_OPTIMIZATION_LEVEL = "-Owholemodule";
				VALIDATE_PRODUCT = YES;
			};
			name = Release;
		};
		BEA3FF451E5C848100A095E8 /* Debug */ = {
			isa = XCBuildConfiguration;
			buildSettings = {
				ASSETCATALOG_COMPILER_APPICON_NAME = AppIcon;
				INFOPLIST_FILE = "Hello World/Info.plist";
				LD_RUNPATH_SEARCH_PATHS = "$(inherited) @executable_path/Frameworks";
				PRODUCT_BUNDLE_IDENTIFIER = "com.appFish.Hello-World";
				PRODUCT_NAME = "$(TARGET_NAME)";
				SWIFT_VERSION = 3.0;
			};
			name = Debug;
		};
		BEA3FF461E5C848100A095E8 /* Release */ = {
			isa = XCBuildConfiguration;
			buildSettings = {
				ASSETCATALOG_COMPILER_APPICON_NAME = AppIcon;
				INFOPLIST_FILE = "Hello World/Info.plist";
				LD_RUNPATH_SEARCH_PATHS = "$(inherited) @executable_path/Frameworks";
				PRODUCT_BUNDLE_IDENTIFIER = "com.appFish.Hello-World";
				PRODUCT_NAME = "$(TARGET_NAME)";
				SWIFT_VERSION = 3.0;
			};
			name = Release;
		};
/* End XCBuildConfiguration section */

/* Begin XCConfigurationList section */
		BEA3FF2D1E5C848100A095E8 /* Build configuration list for PBXProject "Hello World" */ = {
			isa = XCConfigurationList;
			buildConfigurations = (
				BEA3FF421E5C848100A095E8 /* Debug */,
				BEA3FF431E5C848100A095E8 /* Release */,
			);
			defaultConfigurationIsVisible = 0;
			defaultConfigurationName = Release;
		};
		BEA3FF441E5C848100A095E8 /* Build configuration list for PBXNativeTarget "Hello World" */ = {
			isa = XCConfigurationList;
			buildConfigurations = (
				BEA3FF451E5C848100A095E8 /* Debug */,
				BEA3FF461E5C848100A095E8 /* Release */,
			);
			defaultConfigurationIsVisible = 0;
			defaultConfigurationName = Release;
		};
/* End XCConfigurationList section */
	};
	rootObject = BEA3FF2A1E5C848100A095E8 /* Project object */;
}
