// !$*UTF8*$!
{
	archiveVersion = 1;
	classes = {
	};
	objectVersion = 46;
	objects = {

/* Begin PBXBuildFile section */
		BEDC0A5F1E6DA6400011B8E4 /* AppDelegate.swift in Sources */ = {isa = PBXBuildFile; fileRef = BEDC0A5E1E6DA6400011B8E4 /* AppDelegate.swift */; };
		BEDC0A621E6DA6400011B8E4 /* Blog_Reader.xcdatamodeld in Sources */ = {isa = PBXBuildFile; fileRef = BEDC0A601E6DA6400011B8E4 /* Blog_Reader.xcdatamodeld */; };
		BEDC0A641E6DA6400011B8E4 /* MasterViewController.swift in Sources */ = {isa = PBXBuildFile; fileRef = BEDC0A631E6DA6400011B8E4 /* MasterViewController.swift */; };
		BEDC0A661E6DA6400011B8E4 /* DetailViewController.swift in Sources */ = {isa = PBXBuildFile; fileRef = BEDC0A651E6DA6400011B8E4 /* DetailViewController.swift */; };
		BEDC0A691E6DA6400011B8E4 /* Main.storyboard in Resources */ = {isa = PBXBuildFile; fileRef = BEDC0A671E6DA6400011B8E4 /* Main.storyboard */; };
		BEDC0A6B1E6DA6410011B8E4 /* Assets.xcassets in Resources */ = {isa = PBXBuildFile; fileRef = BEDC0A6A1E6DA6410011B8E4 /* Assets.xcassets */; };
		BEDC0A6E1E6DA6410011B8E4 /* LaunchScreen.storyboard in Resources */ = {isa = PBXBuildFile; fileRef = BEDC0A6C1E6DA6410011B8E4 /* LaunchScreen.storyboard */; };
/* End PBXBuildFile section */

/* Begin PBXFileReference section */
		BEDC0A5B1E6DA6400011B8E4 /* Blog Reader.app */ = {isa = PBXFileReference; explicitFileType = wrapper.application; includeInIndex = 0; path = "Blog Reader.app"; sourceTree = BUILT_PRODUCTS_DIR; };
		BEDC0A5E1E6DA6400011B8E4 /* AppDelegate.swift */ = {isa = PBXFileReference; lastKnownFileType = sourcecode.swift; path = AppDelegate.swift; sourceTree = "<group>"; };
		BEDC0A611E6DA6400011B8E4 /* Blog_Reader.xcdatamodel */ = {isa = PBXFileReference; lastKnownFileType = wrapper.xcdatamodel; path = Blog_Reader.xcdatamodel; sourceTree = "<group>"; };
		BEDC0A631E6DA6400011B8E4 /* MasterViewController.swift */ = {isa = PBXFileReference; lastKnownFileType = sourcecode.swift; path = MasterViewController.swift; sourceTree = "<group>"; };
		BEDC0A651E6DA6400011B8E4 /* DetailViewController.swift */ = {isa = PBXFileReference; lastKnownFileType = sourcecode.swift; path = DetailViewController.swift; sourceTree = "<group>"; };
		BEDC0A681E6DA6400011B8E4 /* Base */ = {isa = PBXFileReference; lastKnownFileType = file.storyboard; name = Base; path = Base.lproj/Main.storyboard; sourceTree = "<group>"; };
		BEDC0A6A1E6DA6410011B8E4 /* Assets.xcassets */ = {isa = PBXFileReference; lastKnownFileType = folder.assetcatalog; path = Assets.xcassets; sourceTree = "<group>"; };
		BEDC0A6D1E6DA6410011B8E4 /* Base */ = {isa = PBXFileReference; lastKnownFileType = file.storyboard; name = Base; path = Base.lproj/LaunchScreen.storyboard; sourceTree = "<group>"; };
		BEDC0A6F1E6DA6410011B8E4 /* Info.plist */ = {isa = PBXFileReference; lastKnownFileType = text.plist.xml; path = Info.plist; sourceTree = "<group>"; };
/* End PBXFileReference section */

/* Begin PBXFrameworksBuildPhase section */
		BEDC0A581E6DA6400011B8E4 /* Frameworks */ = {
			isa = PBXFrameworksBuildPhase;
			buildActionMask = 2147483647;
			files = (
			);
			runOnlyForDeploymentPostprocessing = 0;
		};
/* End PBXFrameworksBuildPhase section */

/* Begin PBXGroup section */
		BEDC0A521E6DA6400011B8E4 = {
			isa = PBXGroup;
			children = (
				BEDC0A5D1E6DA6400011B8E4 /* Blog Reader */,
				BEDC0A5C1E6DA6400011B8E4 /* Products */,
			);
			sourceTree = "<group>";
		};
		BEDC0A5C1E6DA6400011B8E4 /* Products */ = {
			isa = PBXGroup;
			children = (
				BEDC0A5B1E6DA6400011B8E4 /* Blog Reader.app */,
			);
			name = Products;
			sourceTree = "<group>";
		};
		BEDC0A5D1E6DA6400011B8E4 /* Blog Reader */ = {
			isa = PBXGroup;
			children = (
				BEDC0A5E1E6DA6400011B8E4 /* AppDelegate.swift */,
				BEDC0A631E6DA6400011B8E4 /* MasterViewController.swift */,
				BEDC0A651E6DA6400011B8E4 /* DetailViewController.swift */,
				BEDC0A671E6DA6400011B8E4 /* Main.storyboard */,
				BEDC0A6A1E6DA6410011B8E4 /* Assets.xcassets */,
				BEDC0A6C1E6DA6410011B8E4 /* LaunchScreen.storyboard */,
				BEDC0A6F1E6DA6410011B8E4 /* Info.plist */,
				BEDC0A601E6DA6400011B8E4 /* Blog_Reader.xcdatamodeld */,
			);
			path = "Blog Reader";
			sourceTree = "<group>";
		};
/* End PBXGroup section */

/* Begin PBXNativeTarget section */
		BEDC0A5A1E6DA6400011B8E4 /* Blog Reader */ = {
			isa = PBXNativeTarget;
			buildConfigurationList = BEDC0A721E6DA6410011B8E4 /* Build configuration list for PBXNativeTarget "Blog Reader" */;
			buildPhases = (
				BEDC0A571E6DA6400011B8E4 /* Sources */,
				BEDC0A581E6DA6400011B8E4 /* Frameworks */,
				BEDC0A591E6DA6400011B8E4 /* Resources */,
			);
			buildRules = (
			);
			dependencies = (
			);
			name = "Blog Reader";
			productName = "Blog Reader";
			productReference = BEDC0A5B1E6DA6400011B8E4 /* Blog Reader.app */;
			productType = "com.apple.product-type.application";
		};
/* End PBXNativeTarget section */

/* Begin PBXProject section */
		BEDC0A531E6DA6400011B8E4 /* Project object */ = {
			isa = PBXProject;
			attributes = {
				LastSwiftUpdateCheck = 0820;
				LastUpgradeCheck = 0820;
				ORGANIZATIONNAME = "arjun gupta";
				TargetAttributes = {
					BEDC0A5A1E6DA6400011B8E4 = {
						CreatedOnToolsVersion = 8.2.1;
						ProvisioningStyle = Automatic;
					};
				};
			};
			buildConfigurationList = BEDC0A561E6DA6400011B8E4 /* Build configuration list for PBXProject "Blog Reader" */;
			compatibilityVersion = "Xcode 3.2";
			developmentRegion = English;
			hasScannedForEncodings = 0;
			knownRegions = (
				en,
				Base,
			);
			mainGroup = BEDC0A521E6DA6400011B8E4;
			productRefGroup = BEDC0A5C1E6DA6400011B8E4 /* Products */;
			projectDirPath = "";
			projectRoot = "";
			targets = (
				BEDC0A5A1E6DA6400011B8E4 /* Blog Reader */,
			);
		};
/* End PBXProject section */

/* Begin PBXResourcesBuildPhase section */
		BEDC0A591E6DA6400011B8E4 /* Resources */ = {
			isa = PBXResourcesBuildPhase;
			buildActionMask = 2147483647;
			files = (
				BEDC0A6E1E6DA6410011B8E4 /* LaunchScreen.storyboard in Resources */,
				BEDC0A6B1E6DA6410011B8E4 /* Assets.xcassets in Resources */,
				BEDC0A691E6DA6400011B8E4 /* Main.storyboard in Resources */,
			);
			runOnlyForDeploymentPostprocessing = 0;
		};
/* End PBXResourcesBuildPhase section */

/* Begin PBXSourcesBuildPhase section */
		BEDC0A571E6DA6400011B8E4 /* Sources */ = {
			isa = PBXSourcesBuildPhase;
			buildActionMask = 2147483647;
			files = (
				BEDC0A621E6DA6400011B8E4 /* Blog_Reader.xcdatamodeld in Sources */,
				BEDC0A5F1E6DA6400011B8E4 /* AppDelegate.swift in Sources */,
				BEDC0A641E6DA6400011B8E4 /* MasterViewController.swift in Sources */,
				BEDC0A661E6DA6400011B8E4 /* DetailViewController.swift in Sources */,
			);
			runOnlyForDeploymentPostprocessing = 0;
		};
/* End PBXSourcesBuildPhase section */

/* Begin PBXVariantGroup section */
		BEDC0A671E6DA6400011B8E4 /* Main.storyboard */ = {
			isa = PBXVariantGroup;
			children = (
				BEDC0A681E6DA6400011B8E4 /* Base */,
			);
			name = Main.storyboard;
			sourceTree = "<group>";
		};
		BEDC0A6C1E6DA6410011B8E4 /* LaunchScreen.storyboard */ = {
			isa = PBXVariantGroup;
			children = (
				BEDC0A6D1E6DA6410011B8E4 /* Base */,
			);
			name = LaunchScreen.storyboard;
			sourceTree = "<group>";
		};
/* End PBXVariantGroup section */

/* Begin XCBuildConfiguration section */
		BEDC0A701E6DA6410011B8E4 /* Debug */ = {
			isa = XCBuildConfiguration;
			buildSettings = {
				ALWAYS_SEARCH_USER_PATHS = NO;
				CLANG_ANALYZER_NONNULL = YES;
				CLANG_CXX_LANGUAGE_STANDARD = "gnu++0x";
				CLANG_CXX_LIBRARY = "libc++";
				CLANG_ENABLE_MODULES = YES;
				CLANG_ENABLE_OBJC_ARC = YES;
				CLANG_WARN_BOOL_CONVERSION = YES;
				CLANG_WARN_CONSTANT_CONVERSION = YES;
				CLANG_WARN_DIRECT_OBJC_ISA_USAGE = YES_ERROR;
				CLANG_WARN_DOCUMENTATION_COMMENTS = YES;
				CLANG_WARN_EMPTY_BODY = YES;
				CLANG_WARN_ENUM_CONVERSION = YES;
				CLANG_WARN_INFINITE_RECURSION = YES;
				CLANG_WARN_INT_CONVERSION = YES;
				CLANG_WARN_OBJC_ROOT_CLASS = YES_ERROR;
				CLANG_WARN_SUSPICIOUS_MOVE = YES;
				CLANG_WARN_UNREACHABLE_CODE = YES;
				CLANG_WARN__DUPLICATE_METHOD_MATCH = YES;
				"CODE_SIGN_IDENTITY[sdk=iphoneos*]" = "iPhone Developer";
				COPY_PHASE_STRIP = NO;
				DEBUG_INFORMATION_FORMAT = dwarf;
				ENABLE_STRICT_OBJC_MSGSEND = YES;
				ENABLE_TESTABILITY = YES;
				GCC_C_LANGUAGE_STANDARD = gnu99;
				GCC_DYNAMIC_NO_PIC = NO;
				GCC_NO_COMMON_BLOCKS = YES;
				GCC_OPTIMIZATION_LEVEL = 0;
				GCC_PREPROCESSOR_DEFINITIONS = (
					"DEBUG=1",
					"$(inherited)",
				);
				GCC_WARN_64_TO_32_BIT_CONVERSION = YES;
				GCC_WARN_ABOUT_RETURN_TYPE = YES_ERROR;
				GCC_WARN_UNDECLARED_SELECTOR = YES;
				GCC_WARN_UNINITIALIZED_AUTOS = YES_AGGRESSIVE;
				GCC_WARN_UNUSED_FUNCTION = YES;
				GCC_WARN_UNUSED_VARIABLE = YES;
				IPHONEOS_DEPLOYMENT_TARGET = 10.2;
				MTL_ENABLE_DEBUG_INFO = YES;
				ONLY_ACTIVE_ARCH = YES;
				SDKROOT = iphoneos;
				SWIFT_ACTIVE_COMPILATION_CONDITIONS = DEBUG;
				SWIFT_OPTIMIZATION_LEVEL = "-Onone";
			};
			name = Debug;
		};
		BEDC0A711E6DA6410011B8E4 /* Release */ = {
			isa = XCBuildConfiguration;
			buildSettings = {
				ALWAYS_SEARCH_USER_PATHS = NO;
				CLANG_ANALYZER_NONNULL = YES;
				CLANG_CXX_LANGUAGE_STANDARD = "gnu++0x";
				CLANG_CXX_LIBRARY = "libc++";
				CLANG_ENABLE_MODULES = YES;
				CLANG_ENABLE_OBJC_ARC = YES;
				CLANG_WARN_BOOL_CONVERSION = YES;
				CLANG_WARN_CONSTANT_CONVERSION = YES;
				CLANG_WARN_DIRECT_OBJC_ISA_USAGE = YES_ERROR;
				CLANG_WARN_DOCUMENTATION_COMMENTS = YES;
				CLANG_WARN_EMPTY_BODY = YES;
				CLANG_WARN_ENUM_CONVERSION = YES;
				CLANG_WARN_INFINITE_RECURSION = YES;
				CLANG_WARN_INT_CONVERSION = YES;
				CLANG_WARN_OBJC_ROOT_CLASS = YES_ERROR;
				CLANG_WARN_SUSPICIOUS_MOVE = YES;
				CLANG_WARN_UNREACHABLE_CODE = YES;
				CLANG_WARN__DUPLICATE_METHOD_MATCH = YES;
				"CODE_SIGN_IDENTITY[sdk=iphoneos*]" = "iPhone Developer";
				COPY_PHASE_STRIP = NO;
				DEBUG_INFORMATION_FORMAT = "dwarf-with-dsym";
				ENABLE_NS_ASSERTIONS = NO;
				ENABLE_STRICT_OBJC_MSGSEND = YES;
				GCC_C_LANGUAGE_STANDARD = gnu99;
				GCC_NO_COMMON_BLOCKS = YES;
				GCC_WARN_64_TO_32_BIT_CONVERSION = YES;
				GCC_WARN_ABOUT_RETURN_TYPE = YES_ERROR;
				GCC_WARN_UNDECLARED_SELECTOR = YES;
				GCC_WARN_UNINITIALIZED_AUTOS = YES_AGGRESSIVE;
				GCC_WARN_UNUSED_FUNCTION = YES;
				GCC_WARN_UNUSED_VARIABLE = YES;
				IPHONEOS_DEPLOYMENT_TARGET = 10.2;
				MTL_ENABLE_DEBUG_INFO = NO;
				SDKROOT = iphoneos;
				SWIFT_OPTIMIZATION_LEVEL = "-Owholemodule";
				VALIDATE_PRODUCT = YES;
			};
			name = Release;
		};
		BEDC0A731E6DA6410011B8E4 /* Debug */ = {
			isa = XCBuildConfiguration;
			buildSettings = {
				ASSETCATALOG_COMPILER_APPICON_NAME = AppIcon;
				INFOPLIST_FILE = "Blog Reader/Info.plist";
				LD_RUNPATH_SEARCH_PATHS = "$(inherited) @executable_path/Frameworks";
				PRODUCT_BUNDLE_IDENTIFIER = "com.appFish.Blog-Reader";
				PRODUCT_NAME = "$(TARGET_NAME)";
				SWIFT_VERSION = 3.0;
			};
			name = Debug;
		};
		BEDC0A741E6DA6410011B8E4 /* Release */ = {
			isa = XCBuildConfiguration;
			buildSettings = {
				ASSETCATALOG_COMPILER_APPICON_NAME = AppIcon;
				INFOPLIST_FILE = "Blog Reader/Info.plist";
				LD_RUNPATH_SEARCH_PATHS = "$(inherited) @executable_path/Frameworks";
				PRODUCT_BUNDLE_IDENTIFIER = "com.appFish.Blog-Reader";
				PRODUCT_NAME = "$(TARGET_NAME)";
				SWIFT_VERSION = 3.0;
			};
			name = Release;
		};
/* End XCBuildConfiguration section */

/* Begin XCConfigurationList section */
		BEDC0A561E6DA6400011B8E4 /* Build configuration list for PBXProject "Blog Reader" */ = {
			isa = XCConfigurationList;
			buildConfigurations = (
				BEDC0A701E6DA6410011B8E4 /* Debug */,
				BEDC0A711E6DA6410011B8E4 /* Release */,
			);
			defaultConfigurationIsVisible = 0;
			defaultConfigurationName = Release;
		};
		BEDC0A721E6DA6410011B8E4 /* Build configuration list for PBXNativeTarget "Blog Reader" */ = {
			isa = XCConfigurationList;
			buildConfigurations = (
				BEDC0A731E6DA6410011B8E4 /* Debug */,
				BEDC0A741E6DA6410011B8E4 /* Release */,
			);
			defaultConfigurationIsVisible = 0;
		};
/* End XCConfigurationList section */

/* Begin XCVersionGroup section */
		BEDC0A601E6DA6400011B8E4 /* Blog_Reader.xcdatamodeld */ = {
			isa = XCVersionGroup;
			children = (
				BEDC0A611E6DA6400011B8E4 /* Blog_Reader.xcdatamodel */,
			);
			currentVersion = BEDC0A611E6DA6400011B8E4 /* Blog_Reader.xcdatamodel */;
			path = Blog_Reader.xcdatamodeld;
			sourceTree = "<group>";
			versionGroupType = wrapper.xcdatamodel;
		};
/* End XCVersionGroup section */
	};
	rootObject = BEDC0A531E6DA6400011B8E4 /* Project object */;
}
