// !$*UTF8*$!
{
	archiveVersion = 1;
	classes = {
	};
	objectVersion = 46;
	objects = {

/* Begin PBXBuildFile section */
		BEA6A4491E68466B006FEE4C /* AppDelegate.swift in Sources */ = {isa = PBXBuildFile; fileRef = BEA6A4481E68466B006FEE4C /* AppDelegate.swift */; };
		BEA6A44B1E68466B006FEE4C /* ViewController.swift in Sources */ = {isa = PBXBuildFile; fileRef = BEA6A44A1E68466B006FEE4C /* ViewController.swift */; };
		BEA6A44E1E68466B006FEE4C /* Main.storyboard in Resources */ = {isa = PBXBuildFile; fileRef = BEA6A44C1E68466B006FEE4C /* Main.storyboard */; };
		BEA6A4501E68466B006FEE4C /* Assets.xcassets in Resources */ = {isa = PBXBuildFile; fileRef = BEA6A44F1E68466B006FEE4C /* Assets.xcassets */; };
		BEA6A4531E68466B006FEE4C /* LaunchScreen.storyboard in Resources */ = {isa = PBXBuildFile; fileRef = BEA6A4511E68466B006FEE4C /* LaunchScreen.storyboard */; };
/* End PBXBuildFile section */

/* Begin PBXFileReference section */
		BEA6A4451E68466B006FEE4C /* permananent data storage.app */ = {isa = PBXFileReference; explicitFileType = wrapper.application; includeInIndex = 0; path = "permananent data storage.app"; sourceTree = BUILT_PRODUCTS_DIR; };
		BEA6A4481E68466B006FEE4C /* AppDelegate.swift */ = {isa = PBXFileReference; lastKnownFileType = sourcecode.swift; path = AppDelegate.swift; sourceTree = "<group>"; };
		BEA6A44A1E68466B006FEE4C /* ViewController.swift */ = {isa = PBXFileReference; lastKnownFileType = sourcecode.swift; path = ViewController.swift; sourceTree = "<group>"; };
		BEA6A44D1E68466B006FEE4C /* Base */ = {isa = PBXFileReference; lastKnownFileType = file.storyboard; name = Base; path = Base.lproj/Main.storyboard; sourceTree = "<group>"; };
		BEA6A44F1E68466B006FEE4C /* Assets.xcassets */ = {isa = PBXFileReference; lastKnownFileType = folder.assetcatalog; path = Assets.xcassets; sourceTree = "<group>"; };
		BEA6A4521E68466B006FEE4C /* Base */ = {isa = PBXFileReference; lastKnownFileType = file.storyboard; name = Base; path = Base.lproj/LaunchScreen.storyboard; sourceTree = "<group>"; };
		BEA6A4541E68466B006FEE4C /* Info.plist */ = {isa = PBXFileReference; lastKnownFileType = text.plist.xml; path = Info.plist; sourceTree = "<group>"; };
/* End PBXFileReference section */

/* Begin PBXFrameworksBuildPhase section */
		BEA6A4421E68466B006FEE4C /* Frameworks */ = {
			isa = PBXFrameworksBuildPhase;
			buildActionMask = 2147483647;
			files = (
			);
			runOnlyForDeploymentPostprocessing = 0;
		};
/* End PBXFrameworksBuildPhase section */

/* Begin PBXGroup section */
		BEA6A43C1E68466B006FEE4C = {
			isa = PBXGroup;
			children = (
				BEA6A4471E68466B006FEE4C /* permananent data storage */,
				BEA6A4461E68466B006FEE4C /* Products */,
			);
			sourceTree = "<group>";
		};
		BEA6A4461E68466B006FEE4C /* Products */ = {
			isa = PBXGroup;
			children = (
				BEA6A4451E68466B006FEE4C /* permananent data storage.app */,
			);
			name = Products;
			sourceTree = "<group>";
		};
		BEA6A4471E68466B006FEE4C /* permananent data storage */ = {
			isa = PBXGroup;
			children = (
				BEA6A4481E68466B006FEE4C /* AppDelegate.swift */,
				BEA6A44A1E68466B006FEE4C /* ViewController.swift */,
				BEA6A44C1E68466B006FEE4C /* Main.storyboard */,
				BEA6A44F1E68466B006FEE4C /* Assets.xcassets */,
				BEA6A4511E68466B006FEE4C /* LaunchScreen.storyboard */,
				BEA6A4541E68466B006FEE4C /* Info.plist */,
			);
			path = "permananent data storage";
			sourceTree = "<group>";
		};
/* End PBXGroup section */

/* Begin PBXNativeTarget section */
		BEA6A4441E68466B006FEE4C /* permananent data storage */ = {
			isa = PBXNativeTarget;
			buildConfigurationList = BEA6A4571E68466B006FEE4C /* Build configuration list for PBXNativeTarget "permananent data storage" */;
			buildPhases = (
				BEA6A4411E68466B006FEE4C /* Sources */,
				BEA6A4421E68466B006FEE4C /* Frameworks */,
				BEA6A4431E68466B006FEE4C /* Resources */,
			);
			buildRules = (
			);
			dependencies = (
			);
			name = "permananent data storage";
			productName = "permananent data storage";
			productReference = BEA6A4451E68466B006FEE4C /* permananent data storage.app */;
			productType = "com.apple.product-type.application";
		};
/* End PBXNativeTarget section */

/* Begin PBXProject section */
		BEA6A43D1E68466B006FEE4C /* Project object */ = {
			isa = PBXProject;
			attributes = {
				LastSwiftUpdateCheck = 0820;
				LastUpgradeCheck = 0820;
				ORGANIZATIONNAME = "arjun gupta";
				TargetAttributes = {
					BEA6A4441E68466B006FEE4C = {
						CreatedOnToolsVersion = 8.2.1;
						ProvisioningStyle = Automatic;
					};
				};
			};
			buildConfigurationList = BEA6A4401E68466B006FEE4C /* Build configuration list for PBXProject "permananent data storage" */;
			compatibilityVersion = "Xcode 3.2";
			developmentRegion = English;
			hasScannedForEncodings = 0;
			knownRegions = (
				en,
				Base,
			);
			mainGroup = BEA6A43C1E68466B006FEE4C;
			productRefGroup = BEA6A4461E68466B006FEE4C /* Products */;
			projectDirPath = "";
			projectRoot = "";
			targets = (
				BEA6A4441E68466B006FEE4C /* permananent data storage */,
			);
		};
/* End PBXProject section */

/* Begin PBXResourcesBuildPhase section */
		BEA6A4431E68466B006FEE4C /* Resources */ = {
			isa = PBXResourcesBuildPhase;
			buildActionMask = 2147483647;
			files = (
				BEA6A4531E68466B006FEE4C /* LaunchScreen.storyboard in Resources */,
				BEA6A4501E68466B006FEE4C /* Assets.xcassets in Resources */,
				BEA6A44E1E68466B006FEE4C /* Main.storyboard in Resources */,
			);
			runOnlyForDeploymentPostprocessing = 0;
		};
/* End PBXResourcesBuildPhase section */

/* Begin PBXSourcesBuildPhase section */
		BEA6A4411E68466B006FEE4C /* Sources */ = {
			isa = PBXSourcesBuildPhase;
			buildActionMask = 2147483647;
			files = (
				BEA6A44B1E68466B006FEE4C /* ViewController.swift in Sources */,
				BEA6A4491E68466B006FEE4C /* AppDelegate.swift in Sources */,
			);
			runOnlyForDeploymentPostprocessing = 0;
		};
/* End PBXSourcesBuildPhase section */

/* Begin PBXVariantGroup section */
		BEA6A44C1E68466B006FEE4C /* Main.storyboard */ = {
			isa = PBXVariantGroup;
			children = (
				BEA6A44D1E68466B006FEE4C /* Base */,
			);
			name = Main.storyboard;
			sourceTree = "<group>";
		};
		BEA6A4511E68466B006FEE4C /* LaunchScreen.storyboard */ = {
			isa = PBXVariantGroup;
			children = (
				BEA6A4521E68466B006FEE4C /* Base */,
			);
			name = LaunchScreen.storyboard;
			sourceTree = "<group>";
		};
/* End PBXVariantGroup section */

/* Begin XCBuildConfiguration section */
		BEA6A4551E68466B006FEE4C /* Debug */ = {
			isa = XCBuildConfiguration;
			buildSettings = {
				ALWAYS_SEARCH_USER_PATHS = NO;
				CLANG_ANALYZER_NONNULL = YES;
				CLANG_CXX_LANGUAGE_STANDARD = "gnu++0x";
				CLANG_CXX_LIBRARY = "libc++";
				CLANG_ENABLE_MODULES = YES;
				CLANG_ENABLE_OBJC_ARC = YES;
				CLANG_WARN_BOOL_CONVERSION = YES;
				CLANG_WARN_CONSTANT_CONVERSION = YES;
				CLANG_WARN_DIRECT_OBJC_ISA_USAGE = YES_ERROR;
				CLANG_WARN_DOCUMENTATION_COMMENTS = YES;
				CLANG_WARN_EMPTY_BODY = YES;
				CLANG_WARN_ENUM_CONVERSION = YES;
				CLANG_WARN_INFINITE_RECURSION = YES;
				CLANG_WARN_INT_CONVERSION = YES;
				CLANG_WARN_OBJC_ROOT_CLASS = YES_ERROR;
				CLANG_WARN_SUSPICIOUS_MOVE = YES;
				CLANG_WARN_UNREACHABLE_CODE = YES;
				CLANG_WARN__DUPLICATE_METHOD_MATCH = YES;
				"CODE_SIGN_IDENTITY[sdk=iphoneos*]" = "iPhone Developer";
				COPY_PHASE_STRIP = NO;
				DEBUG_INFORMATION_FORMAT = dwarf;
				ENABLE_STRICT_OBJC_MSGSEND = YES;
				ENABLE_TESTABILITY = YES;
				GCC_C_LANGUAGE_STANDARD = gnu99;
				GCC_DYNAMIC_NO_PIC = NO;
				GCC_NO_COMMON_BLOCKS = YES;
				GCC_OPTIMIZATION_LEVEL = 0;
				GCC_PREPROCESSOR_DEFINITIONS = (
					"DEBUG=1",
					"$(inherited)",
				);
				GCC_WARN_64_TO_32_BIT_CONVERSION = YES;
				GCC_WARN_ABOUT_RETURN_TYPE = YES_ERROR;
				GCC_WARN_UNDECLARED_SELECTOR = YES;
				GCC_WARN_UNINITIALIZED_AUTOS = YES_AGGRESSIVE;
				GCC_WARN_UNUSED_FUNCTION = YES;
				GCC_WARN_UNUSED_VARIABLE = YES;
				IPHONEOS_DEPLOYMENT_TARGET = 10.2;
				MTL_ENABLE_DEBUG_INFO = YES;
				ONLY_ACTIVE_ARCH = YES;
				SDKROOT = iphoneos;
				SWIFT_ACTIVE_COMPILATION_CONDITIONS = DEBUG;
				SWIFT_OPTIMIZATION_LEVEL = "-Onone";
			};
			name = Debug;
		};
		BEA6A4561E68466B006FEE4C /* Release */ = {
			isa = XCBuildConfiguration;
			buildSettings = {
				ALWAYS_SEARCH_USER_PATHS = NO;
				CLANG_ANALYZER_NONNULL = YES;
				CLANG_CXX_LANGUAGE_STANDARD = "gnu++0x";
				CLANG_CXX_LIBRARY = "libc++";
				CLANG_ENABLE_MODULES = YES;
				CLANG_ENABLE_OBJC_ARC = YES;
				CLANG_WARN_BOOL_CONVERSION = YES;
				CLANG_WARN_CONSTANT_CONVERSION = YES;
				CLANG_WARN_DIRECT_OBJC_ISA_USAGE = YES_ERROR;
				CLANG_WARN_DOCUMENTATION_COMMENTS = YES;
				CLANG_WARN_EMPTY_BODY = YES;
				CLANG_WARN_ENUM_CONVERSION = YES;
				CLANG_WARN_INFINITE_RECURSION = YES;
				CLANG_WARN_INT_CONVERSION = YES;
				CLANG_WARN_OBJC_ROOT_CLASS = YES_ERROR;
				CLANG_WARN_SUSPICIOUS_MOVE = YES;
				CLANG_WARN_UNREACHABLE_CODE = YES;
				CLANG_WARN__DUPLICATE_METHOD_MATCH = YES;
				"CODE_SIGN_IDENTITY[sdk=iphoneos*]" = "iPhone Developer";
				COPY_PHASE_STRIP = NO;
				DEBUG_INFORMATION_FORMAT = "dwarf-with-dsym";
				ENABLE_NS_ASSERTIONS = NO;
				ENABLE_STRICT_OBJC_MSGSEND = YES;
				GCC_C_LANGUAGE_STANDARD = gnu99;
				GCC_NO_COMMON_BLOCKS = YES;
				GCC_WARN_64_TO_32_BIT_CONVERSION = YES;
				GCC_WARN_ABOUT_RETURN_TYPE = YES_ERROR;
				GCC_WARN_UNDECLARED_SELECTOR = YES;
				GCC_WARN_UNINITIALIZED_AUTOS = YES_AGGRESSIVE;
				GCC_WARN_UNUSED_FUNCTION = YES;
				GCC_WARN_UNUSED_VARIABLE = YES;
				IPHONEOS_DEPLOYMENT_TARGET = 10.2;
				MTL_ENABLE_DEBUG_INFO = NO;
				SDKROOT = iphoneos;
				SWIFT_OPTIMIZATION_LEVEL = "-Owholemodule";
				VALIDATE_PRODUCT = YES;
			};
			name = Release;
		};
		BEA6A4581E68466B006FEE4C /* Debug */ = {
			isa = XCBuildConfiguration;
			buildSettings = {
				ASSETCATALOG_COMPILER_APPICON_NAME = AppIcon;
				INFOPLIST_FILE = "permananent data storage/Info.plist";
				LD_RUNPATH_SEARCH_PATHS = "$(inherited) @executable_path/Frameworks";
				PRODUCT_BUNDLE_IDENTIFIER = "com.appFish.permananent-data-storage";
				PRODUCT_NAME = "$(TARGET_NAME)";
				SWIFT_VERSION = 3.0;
			};
			name = Debug;
		};
		BEA6A4591E68466B006FEE4C /* Release */ = {
			isa = XCBuildConfiguration;
			buildSettings = {
				ASSETCATALOG_COMPILER_APPICON_NAME = AppIcon;
				INFOPLIST_FILE = "permananent data storage/Info.plist";
				LD_RUNPATH_SEARCH_PATHS = "$(inherited) @executable_path/Frameworks";
				PRODUCT_BUNDLE_IDENTIFIER = "com.appFish.permananent-data-storage";
				PRODUCT_NAME = "$(TARGET_NAME)";
				SWIFT_VERSION = 3.0;
			};
			name = Release;
		};
/* End XCBuildConfiguration section */

/* Begin XCConfigurationList section */
		BEA6A4401E68466B006FEE4C /* Build configuration list for PBXProject "permananent data storage" */ = {
			isa = XCConfigurationList;
			buildConfigurations = (
				BEA6A4551E68466B006FEE4C /* Debug */,
				BEA6A4561E68466B006FEE4C /* Release */,
			);
			defaultConfigurationIsVisible = 0;
			defaultConfigurationName = Release;
		};
		BEA6A4571E68466B006FEE4C /* Build configuration list for PBXNativeTarget "permananent data storage" */ = {
			isa = XCConfigurationList;
			buildConfigurations = (
				BEA6A4581E68466B006FEE4C /* Debug */,
				BEA6A4591E68466B006FEE4C /* Release */,
			);
			defaultConfigurationIsVisible = 0;
		};
/* End XCConfigurationList section */
	};
	rootObject = BEA6A43D1E68466B006FEE4C /* Project object */;
}
