// !$*UTF8*$!
{
	archiveVersion = 1;
	classes = {
	};
	objectVersion = 46;
	objects = {

/* Begin PBXBuildFile section */
		BE255A531E5DCB1200A28712 /* AppDelegate.swift in Sources */ = {isa = PBXBuildFile; fileRef = BE255A521E5DCB1200A28712 /* AppDelegate.swift */; };
		BE255A551E5DCB1200A28712 /* ViewController.swift in Sources */ = {isa = PBXBuildFile; fileRef = BE255A541E5DCB1200A28712 /* ViewController.swift */; };
		BE255A581E5DCB1200A28712 /* Main.storyboard in Resources */ = {isa = PBXBuildFile; fileRef = BE255A561E5DCB1200A28712 /* Main.storyboard */; };
		BE255A5A1E5DCB1200A28712 /* Assets.xcassets in Resources */ = {isa = PBXBuildFile; fileRef = BE255A591E5DCB1200A28712 /* Assets.xcassets */; };
		BE255A5D1E5DCB1200A28712 /* LaunchScreen.storyboard in Resources */ = {isa = PBXBuildFile; fileRef = BE255A5B1E5DCB1200A28712 /* LaunchScreen.storyboard */; };
/* End PBXBuildFile section */

/* Begin PBXFileReference section */
		BE255A4F1E5DCB1200A28712 /* How many  fingers.app */ = {isa = PBXFileReference; explicitFileType = wrapper.application; includeInIndex = 0; path = "How many  fingers.app"; sourceTree = BUILT_PRODUCTS_DIR; };
		BE255A521E5DCB1200A28712 /* AppDelegate.swift */ = {isa = PBXFileReference; lastKnownFileType = sourcecode.swift; path = AppDelegate.swift; sourceTree = "<group>"; };
		BE255A541E5DCB1200A28712 /* ViewController.swift */ = {isa = PBXFileReference; lastKnownFileType = sourcecode.swift; path = ViewController.swift; sourceTree = "<group>"; };
		BE255A571E5DCB1200A28712 /* Base */ = {isa = PBXFileReference; lastKnownFileType = file.storyboard; name = Base; path = Base.lproj/Main.storyboard; sourceTree = "<group>"; };
		BE255A591E5DCB1200A28712 /* Assets.xcassets */ = {isa = PBXFileReference; lastKnownFileType = folder.assetcatalog; path = Assets.xcassets; sourceTree = "<group>"; };
		BE255A5C1E5DCB1200A28712 /* Base */ = {isa = PBXFileReference; lastKnownFileType = file.storyboard; name = Base; path = Base.lproj/LaunchScreen.storyboard; sourceTree = "<group>"; };
		BE255A5E1E5DCB1200A28712 /* Info.plist */ = {isa = PBXFileReference; lastKnownFileType = text.plist.xml; path = Info.plist; sourceTree = "<group>"; };
/* End PBXFileReference section */

/* Begin PBXFrameworksBuildPhase section */
		BE255A4C1E5DCB1200A28712 /* Frameworks */ = {
			isa = PBXFrameworksBuildPhase;
			buildActionMask = 2147483647;
			files = (
			);
			runOnlyForDeploymentPostprocessing = 0;
		};
/* End PBXFrameworksBuildPhase section */

/* Begin PBXGroup section */
		BE255A461E5DCB1200A28712 = {
			isa = PBXGroup;
			children = (
				BE255A511E5DCB1200A28712 /* How many  fingers */,
				BE255A501E5DCB1200A28712 /* Products */,
			);
			sourceTree = "<group>";
		};
		BE255A501E5DCB1200A28712 /* Products */ = {
			isa = PBXGroup;
			children = (
				BE255A4F1E5DCB1200A28712 /* How many  fingers.app */,
			);
			name = Products;
			sourceTree = "<group>";
		};
		BE255A511E5DCB1200A28712 /* How many  fingers */ = {
			isa = PBXGroup;
			children = (
				BE255A521E5DCB1200A28712 /* AppDelegate.swift */,
				BE255A541E5DCB1200A28712 /* ViewController.swift */,
				BE255A561E5DCB1200A28712 /* Main.storyboard */,
				BE255A591E5DCB1200A28712 /* Assets.xcassets */,
				BE255A5B1E5DCB1200A28712 /* LaunchScreen.storyboard */,
				BE255A5E1E5DCB1200A28712 /* Info.plist */,
			);
			path = "How many  fingers";
			sourceTree = "<group>";
		};
/* End PBXGroup section */

/* Begin PBXNativeTarget section */
		BE255A4E1E5DCB1200A28712 /* How many  fingers */ = {
			isa = PBXNativeTarget;
			buildConfigurationList = BE255A611E5DCB1200A28712 /* Build configuration list for PBXNativeTarget "How many  fingers" */;
			buildPhases = (
				BE255A4B1E5DCB1200A28712 /* Sources */,
				BE255A4C1E5DCB1200A28712 /* Frameworks */,
				BE255A4D1E5DCB1200A28712 /* Resources */,
			);
			buildRules = (
			);
			dependencies = (
			);
			name = "How many  fingers";
			productName = "How many  fingers";
			productReference = BE255A4F1E5DCB1200A28712 /* How many  fingers.app */;
			productType = "com.apple.product-type.application";
		};
/* End PBXNativeTarget section */

/* Begin PBXProject section */
		BE255A471E5DCB1200A28712 /* Project object */ = {
			isa = PBXProject;
			attributes = {
				LastSwiftUpdateCheck = 0820;
				LastUpgradeCheck = 0820;
				ORGANIZATIONNAME = "arjun gupta";
				TargetAttributes = {
					BE255A4E1E5DCB1200A28712 = {
						CreatedOnToolsVersion = 8.2.1;
						ProvisioningStyle = Automatic;
					};
				};
			};
			buildConfigurationList = BE255A4A1E5DCB1200A28712 /* Build configuration list for PBXProject "How many  fingers" */;
			compatibilityVersion = "Xcode 3.2";
			developmentRegion = English;
			hasScannedForEncodings = 0;
			knownRegions = (
				en,
				Base,
			);
			mainGroup = BE255A461E5DCB1200A28712;
			productRefGroup = BE255A501E5DCB1200A28712 /* Products */;
			projectDirPath = "";
			projectRoot = "";
			targets = (
				BE255A4E1E5DCB1200A28712 /* How many  fingers */,
			);
		};
/* End PBXProject section */

/* Begin PBXResourcesBuildPhase section */
		BE255A4D1E5DCB1200A28712 /* Resources */ = {
			isa = PBXResourcesBuildPhase;
			buildActionMask = 2147483647;
			files = (
				BE255A5D1E5DCB1200A28712 /* LaunchScreen.storyboard in Resources */,
				BE255A5A1E5DCB1200A28712 /* Assets.xcassets in Resources */,
				BE255A581E5DCB1200A28712 /* Main.storyboard in Resources */,
			);
			runOnlyForDeploymentPostprocessing = 0;
		};
/* End PBXResourcesBuildPhase section */

/* Begin PBXSourcesBuildPhase section */
		BE255A4B1E5DCB1200A28712 /* Sources */ = {
			isa = PBXSourcesBuildPhase;
			buildActionMask = 2147483647;
			files = (
				BE255A551E5DCB1200A28712 /* ViewController.swift in Sources */,
				BE255A531E5DCB1200A28712 /* AppDelegate.swift in Sources */,
			);
			runOnlyForDeploymentPostprocessing = 0;
		};
/* End PBXSourcesBuildPhase section */

/* Begin PBXVariantGroup section */
		BE255A561E5DCB1200A28712 /* Main.storyboard */ = {
			isa = PBXVariantGroup;
			children = (
				BE255A571E5DCB1200A28712 /* Base */,
			);
			name = Main.storyboard;
			sourceTree = "<group>";
		};
		BE255A5B1E5DCB1200A28712 /* LaunchScreen.storyboard */ = {
			isa = PBXVariantGroup;
			children = (
				BE255A5C1E5DCB1200A28712 /* Base */,
			);
			name = LaunchScreen.storyboard;
			sourceTree = "<group>";
		};
/* End PBXVariantGroup section */

/* Begin XCBuildConfiguration section */
		BE255A5F1E5DCB1200A28712 /* Debug */ = {
			isa = XCBuildConfiguration;
			buildSettings = {
				ALWAYS_SEARCH_USER_PATHS = NO;
				CLANG_ANALYZER_NONNULL = YES;
				CLANG_CXX_LANGUAGE_STANDARD = "gnu++0x";
				CLANG_CXX_LIBRARY = "libc++";
				CLANG_ENABLE_MODULES = YES;
				CLANG_ENABLE_OBJC_ARC = YES;
				CLANG_WARN_BOOL_CONVERSION = YES;
				CLANG_WARN_CONSTANT_CONVERSION = YES;
				CLANG_WARN_DIRECT_OBJC_ISA_USAGE = YES_ERROR;
				CLANG_WARN_DOCUMENTATION_COMMENTS = YES;
				CLANG_WARN_EMPTY_BODY = YES;
				CLANG_WARN_ENUM_CONVERSION = YES;
				CLANG_WARN_INFINITE_RECURSION = YES;
				CLANG_WARN_INT_CONVERSION = YES;
				CLANG_WARN_OBJC_ROOT_CLASS = YES_ERROR;
				CLANG_WARN_SUSPICIOUS_MOVE = YES;
				CLANG_WARN_UNREACHABLE_CODE = YES;
				CLANG_WARN__DUPLICATE_METHOD_MATCH = YES;
				"CODE_SIGN_IDENTITY[sdk=iphoneos*]" = "iPhone Developer";
				COPY_PHASE_STRIP = NO;
				DEBUG_INFORMATION_FORMAT = dwarf;
				ENABLE_STRICT_OBJC_MSGSEND = YES;
				ENABLE_TESTABILITY = YES;
				GCC_C_LANGUAGE_STANDARD = gnu99;
				GCC_DYNAMIC_NO_PIC = NO;
				GCC_NO_COMMON_BLOCKS = YES;
				GCC_OPTIMIZATION_LEVEL = 0;
				GCC_PREPROCESSOR_DEFINITIONS = (
					"DEBUG=1",
					"$(inherited)",
				);
				GCC_WARN_64_TO_32_BIT_CONVERSION = YES;
				GCC_WARN_ABOUT_RETURN_TYPE = YES_ERROR;
				GCC_WARN_UNDECLARED_SELECTOR = YES;
				GCC_WARN_UNINITIALIZED_AUTOS = YES_AGGRESSIVE;
				GCC_WARN_UNUSED_FUNCTION = YES;
				GCC_WARN_UNUSED_VARIABLE = YES;
				IPHONEOS_DEPLOYMENT_TARGET = 10.2;
				MTL_ENABLE_DEBUG_INFO = YES;
				ONLY_ACTIVE_ARCH = YES;
				SDKROOT = iphoneos;
				SWIFT_ACTIVE_COMPILATION_CONDITIONS = DEBUG;
				SWIFT_OPTIMIZATION_LEVEL = "-Onone";
			};
			name = Debug;
		};
		BE255A601E5DCB1200A28712 /* Release */ = {
			isa = XCBuildConfiguration;
			buildSettings = {
				ALWAYS_SEARCH_USER_PATHS = NO;
				CLANG_ANALYZER_NONNULL = YES;
				CLANG_CXX_LANGUAGE_STANDARD = "gnu++0x";
				CLANG_CXX_LIBRARY = "libc++";
				CLANG_ENABLE_MODULES = YES;
				CLANG_ENABLE_OBJC_ARC = YES;
				CLANG_WARN_BOOL_CONVERSION = YES;
				CLANG_WARN_CONSTANT_CONVERSION = YES;
				CLANG_WARN_DIRECT_OBJC_ISA_USAGE = YES_ERROR;
				CLANG_WARN_DOCUMENTATION_COMMENTS = YES;
				CLANG_WARN_EMPTY_BODY = YES;
				CLANG_WARN_ENUM_CONVERSION = YES;
				CLANG_WARN_INFINITE_RECURSION = YES;
				CLANG_WARN_INT_CONVERSION = YES;
				CLANG_WARN_OBJC_ROOT_CLASS = YES_ERROR;
				CLANG_WARN_SUSPICIOUS_MOVE = YES;
				CLANG_WARN_UNREACHABLE_CODE = YES;
				CLANG_WARN__DUPLICATE_METHOD_MATCH = YES;
				"CODE_SIGN_IDENTITY[sdk=iphoneos*]" = "iPhone Developer";
				COPY_PHASE_STRIP = NO;
				DEBUG_INFORMATION_FORMAT = "dwarf-with-dsym";
				ENABLE_NS_ASSERTIONS = NO;
				ENABLE_STRICT_OBJC_MSGSEND = YES;
				GCC_C_LANGUAGE_STANDARD = gnu99;
				GCC_NO_COMMON_BLOCKS = YES;
				GCC_WARN_64_TO_32_BIT_CONVERSION = YES;
				GCC_WARN_ABOUT_RETURN_TYPE = YES_ERROR;
				GCC_WARN_UNDECLARED_SELECTOR = YES;
				GCC_WARN_UNINITIALIZED_AUTOS = YES_AGGRESSIVE;
				GCC_WARN_UNUSED_FUNCTION = YES;
				GCC_WARN_UNUSED_VARIABLE = YES;
				IPHONEOS_DEPLOYMENT_TARGET = 10.2;
				MTL_ENABLE_DEBUG_INFO = NO;
				SDKROOT = iphoneos;
				SWIFT_OPTIMIZATION_LEVEL = "-Owholemodule";
				VALIDATE_PRODUCT = YES;
			};
			name = Release;
		};
		BE255A621E5DCB1200A28712 /* Debug */ = {
			isa = XCBuildConfiguration;
			buildSettings = {
				ASSETCATALOG_COMPILER_APPICON_NAME = AppIcon;
				INFOPLIST_FILE = "How many  fingers/Info.plist";
				LD_RUNPATH_SEARCH_PATHS = "$(inherited) @executable_path/Frameworks";
				PRODUCT_BUNDLE_IDENTIFIER = "com.appFish.How-many--fingers";
				PRODUCT_NAME = "$(TARGET_NAME)";
				SWIFT_VERSION = 3.0;
			};
			name = Debug;
		};
		BE255A631E5DCB1200A28712 /* Release */ = {
			isa = XCBuildConfiguration;
			buildSettings = {
				ASSETCATALOG_COMPILER_APPICON_NAME = AppIcon;
				INFOPLIST_FILE = "How many  fingers/Info.plist";
				LD_RUNPATH_SEARCH_PATHS = "$(inherited) @executable_path/Frameworks";
				PRODUCT_BUNDLE_IDENTIFIER = "com.appFish.How-many--fingers";
				PRODUCT_NAME = "$(TARGET_NAME)";
				SWIFT_VERSION = 3.0;
			};
			name = Release;
		};
/* End XCBuildConfiguration section */

/* Begin XCConfigurationList section */
		BE255A4A1E5DCB1200A28712 /* Build configuration list for PBXProject "How many  fingers" */ = {
			isa = XCConfigurationList;
			buildConfigurations = (
				BE255A5F1E5DCB1200A28712 /* Debug */,
				BE255A601E5DCB1200A28712 /* Release */,
			);
			defaultConfigurationIsVisible = 0;
			defaultConfigurationName = Release;
		};
		BE255A611E5DCB1200A28712 /* Build configuration list for PBXNativeTarget "How many  fingers" */ = {
			isa = XCConfigurationList;
			buildConfigurations = (
				BE255A621E5DCB1200A28712 /* Debug */,
				BE255A631E5DCB1200A28712 /* Release */,
			);
			defaultConfigurationIsVisible = 0;
		};
/* End XCConfigurationList section */
	};
	rootObject = BE255A471E5DCB1200A28712 /* Project object */;
}
