// !$*UTF8*$!
{
	archiveVersion = 1;
	classes = {
	};
	objectVersion = 46;
	objects = {

/* Begin PBXBuildFile section */
		BE013B171E6C83A000B527B2 /* AppDelegate.swift in Sources */ = {isa = PBXBuildFile; fileRef = BE013B161E6C83A000B527B2 /* AppDelegate.swift */; };
		BE013B191E6C83A000B527B2 /* ViewController.swift in Sources */ = {isa = PBXBuildFile; fileRef = BE013B181E6C83A000B527B2 /* ViewController.swift */; };
		BE013B1C1E6C83A000B527B2 /* Main.storyboard in Resources */ = {isa = PBXBuildFile; fileRef = BE013B1A1E6C83A000B527B2 /* Main.storyboard */; };
		BE013B1E1E6C83A000B527B2 /* Assets.xcassets in Resources */ = {isa = PBXBuildFile; fileRef = BE013B1D1E6C83A000B527B2 /* Assets.xcassets */; };
		BE013B211E6C83A000B527B2 /* LaunchScreen.storyboard in Resources */ = {isa = PBXBuildFile; fileRef = BE013B1F1E6C83A000B527B2 /* LaunchScreen.storyboard */; };
		BE013B291E6C8AA100B527B2 /* weather.jpg in Resources */ = {isa = PBXBuildFile; fileRef = BE013B281E6C8AA100B527B2 /* weather.jpg */; };
/* End PBXBuildFile section */

/* Begin PBXFileReference section */
		BE013B131E6C83A000B527B2 /* Api Demo.app */ = {isa = PBXFileReference; explicitFileType = wrapper.application; includeInIndex = 0; path = "Api Demo.app"; sourceTree = BUILT_PRODUCTS_DIR; };
		BE013B161E6C83A000B527B2 /* AppDelegate.swift */ = {isa = PBXFileReference; lastKnownFileType = sourcecode.swift; path = AppDelegate.swift; sourceTree = "<group>"; };
		BE013B181E6C83A000B527B2 /* ViewController.swift */ = {isa = PBXFileReference; lastKnownFileType = sourcecode.swift; path = ViewController.swift; sourceTree = "<group>"; };
		BE013B1B1E6C83A000B527B2 /* Base */ = {isa = PBXFileReference; lastKnownFileType = file.storyboard; name = Base; path = Base.lproj/Main.storyboard; sourceTree = "<group>"; };
		BE013B1D1E6C83A000B527B2 /* Assets.xcassets */ = {isa = PBXFileReference; lastKnownFileType = folder.assetcatalog; path = Assets.xcassets; sourceTree = "<group>"; };
		BE013B201E6C83A000B527B2 /* Base */ = {isa = PBXFileReference; lastKnownFileType = file.storyboard; name = Base; path = Base.lproj/LaunchScreen.storyboard; sourceTree = "<group>"; };
		BE013B221E6C83A000B527B2 /* Info.plist */ = {isa = PBXFileReference; lastKnownFileType = text.plist.xml; path = Info.plist; sourceTree = "<group>"; };
		BE013B281E6C8AA100B527B2 /* weather.jpg */ = {isa = PBXFileReference; lastKnownFileType = image.jpeg; path = weather.jpg; sourceTree = "<group>"; };
/* End PBXFileReference section */

/* Begin PBXFrameworksBuildPhase section */
		BE013B101E6C83A000B527B2 /* Frameworks */ = {
			isa = PBXFrameworksBuildPhase;
			buildActionMask = 2147483647;
			files = (
			);
			runOnlyForDeploymentPostprocessing = 0;
		};
/* End PBXFrameworksBuildPhase section */

/* Begin PBXGroup section */
		BE013B0A1E6C83A000B527B2 = {
			isa = PBXGroup;
			children = (
				BE013B151E6C83A000B527B2 /* Api Demo */,
				BE013B141E6C83A000B527B2 /* Products */,
			);
			sourceTree = "<group>";
		};
		BE013B141E6C83A000B527B2 /* Products */ = {
			isa = PBXGroup;
			children = (
				BE013B131E6C83A000B527B2 /* Api Demo.app */,
			);
			name = Products;
			sourceTree = "<group>";
		};
		BE013B151E6C83A000B527B2 /* Api Demo */ = {
			isa = PBXGroup;
			children = (
				BE013B161E6C83A000B527B2 /* AppDelegate.swift */,
				BE013B181E6C83A000B527B2 /* ViewController.swift */,
				BE013B1A1E6C83A000B527B2 /* Main.storyboard */,
				BE013B1D1E6C83A000B527B2 /* Assets.xcassets */,
				BE013B1F1E6C83A000B527B2 /* LaunchScreen.storyboard */,
				BE013B281E6C8AA100B527B2 /* weather.jpg */,
				BE013B221E6C83A000B527B2 /* Info.plist */,
			);
			path = "Api Demo";
			sourceTree = "<group>";
		};
/* End PBXGroup section */

/* Begin PBXNativeTarget section */
		BE013B121E6C83A000B527B2 /* Api Demo */ = {
			isa = PBXNativeTarget;
			buildConfigurationList = BE013B251E6C83A000B527B2 /* Build configuration list for PBXNativeTarget "Api Demo" */;
			buildPhases = (
				BE013B0F1E6C83A000B527B2 /* Sources */,
				BE013B101E6C83A000B527B2 /* Frameworks */,
				BE013B111E6C83A000B527B2 /* Resources */,
			);
			buildRules = (
			);
			dependencies = (
			);
			name = "Api Demo";
			productName = "Api Demo";
			productReference = BE013B131E6C83A000B527B2 /* Api Demo.app */;
			productType = "com.apple.product-type.application";
		};
/* End PBXNativeTarget section */

/* Begin PBXProject section */
		BE013B0B1E6C83A000B527B2 /* Project object */ = {
			isa = PBXProject;
			attributes = {
				LastSwiftUpdateCheck = 0820;
				LastUpgradeCheck = 0820;
				ORGANIZATIONNAME = "arjun gupta";
				TargetAttributes = {
					BE013B121E6C83A000B527B2 = {
						CreatedOnToolsVersion = 8.2.1;
						ProvisioningStyle = Automatic;
					};
				};
			};
			buildConfigurationList = BE013B0E1E6C83A000B527B2 /* Build configuration list for PBXProject "Api Demo" */;
			compatibilityVersion = "Xcode 3.2";
			developmentRegion = English;
			hasScannedForEncodings = 0;
			knownRegions = (
				en,
				Base,
			);
			mainGroup = BE013B0A1E6C83A000B527B2;
			productRefGroup = BE013B141E6C83A000B527B2 /* Products */;
			projectDirPath = "";
			projectRoot = "";
			targets = (
				BE013B121E6C83A000B527B2 /* Api Demo */,
			);
		};
/* End PBXProject section */

/* Begin PBXResourcesBuildPhase section */
		BE013B111E6C83A000B527B2 /* Resources */ = {
			isa = PBXResourcesBuildPhase;
			buildActionMask = 2147483647;
			files = (
				BE013B211E6C83A000B527B2 /* LaunchScreen.storyboard in Resources */,
				BE013B291E6C8AA100B527B2 /* weather.jpg in Resources */,
				BE013B1E1E6C83A000B527B2 /* Assets.xcassets in Resources */,
				BE013B1C1E6C83A000B527B2 /* Main.storyboard in Resources */,
			);
			runOnlyForDeploymentPostprocessing = 0;
		};
/* End PBXResourcesBuildPhase section */

/* Begin PBXSourcesBuildPhase section */
		BE013B0F1E6C83A000B527B2 /* Sources */ = {
			isa = PBXSourcesBuildPhase;
			buildActionMask = 2147483647;
			files = (
				BE013B191E6C83A000B527B2 /* ViewController.swift in Sources */,
				BE013B171E6C83A000B527B2 /* AppDelegate.swift in Sources */,
			);
			runOnlyForDeploymentPostprocessing = 0;
		};
/* End PBXSourcesBuildPhase section */

/* Begin PBXVariantGroup section */
		BE013B1A1E6C83A000B527B2 /* Main.storyboard */ = {
			isa = PBXVariantGroup;
			children = (
				BE013B1B1E6C83A000B527B2 /* Base */,
			);
			name = Main.storyboard;
			sourceTree = "<group>";
		};
		BE013B1F1E6C83A000B527B2 /* LaunchScreen.storyboard */ = {
			isa = PBXVariantGroup;
			children = (
				BE013B201E6C83A000B527B2 /* Base */,
			);
			name = LaunchScreen.storyboard;
			sourceTree = "<group>";
		};
/* End PBXVariantGroup section */

/* Begin XCBuildConfiguration section */
		BE013B231E6C83A000B527B2 /* Debug */ = {
			isa = XCBuildConfiguration;
			buildSettings = {
				ALWAYS_SEARCH_USER_PATHS = NO;
				CLANG_ANALYZER_NONNULL = YES;
				CLANG_CXX_LANGUAGE_STANDARD = "gnu++0x";
				CLANG_CXX_LIBRARY = "libc++";
				CLANG_ENABLE_MODULES = YES;
				CLANG_ENABLE_OBJC_ARC = YES;
				CLANG_WARN_BOOL_CONVERSION = YES;
				CLANG_WARN_CONSTANT_CONVERSION = YES;
				CLANG_WARN_DIRECT_OBJC_ISA_USAGE = YES_ERROR;
				CLANG_WARN_DOCUMENTATION_COMMENTS = YES;
				CLANG_WARN_EMPTY_BODY = YES;
				CLANG_WARN_ENUM_CONVERSION = YES;
				CLANG_WARN_INFINITE_RECURSION = YES;
				CLANG_WARN_INT_CONVERSION = YES;
				CLANG_WARN_OBJC_ROOT_CLASS = YES_ERROR;
				CLANG_WARN_SUSPICIOUS_MOVE = YES;
				CLANG_WARN_UNREACHABLE_CODE = YES;
				CLANG_WARN__DUPLICATE_METHOD_MATCH = YES;
				"CODE_SIGN_IDENTITY[sdk=iphoneos*]" = "iPhone Developer";
				COPY_PHASE_STRIP = NO;
				DEBUG_INFORMATION_FORMAT = dwarf;
				ENABLE_STRICT_OBJC_MSGSEND = YES;
				ENABLE_TESTABILITY = YES;
				GCC_C_LANGUAGE_STANDARD = gnu99;
				GCC_DYNAMIC_NO_PIC = NO;
				GCC_NO_COMMON_BLOCKS = YES;
				GCC_OPTIMIZATION_LEVEL = 0;
				GCC_PREPROCESSOR_DEFINITIONS = (
					"DEBUG=1",
					"$(inherited)",
				);
				GCC_WARN_64_TO_32_BIT_CONVERSION = YES;
				GCC_WARN_ABOUT_RETURN_TYPE = YES_ERROR;
				GCC_WARN_UNDECLARED_SELECTOR = YES;
				GCC_WARN_UNINITIALIZED_AUTOS = YES_AGGRESSIVE;
				GCC_WARN_UNUSED_FUNCTION = YES;
				GCC_WARN_UNUSED_VARIABLE = YES;
				IPHONEOS_DEPLOYMENT_TARGET = 10.2;
				MTL_ENABLE_DEBUG_INFO = YES;
				ONLY_ACTIVE_ARCH = YES;
				SDKROOT = iphoneos;
				SWIFT_ACTIVE_COMPILATION_CONDITIONS = DEBUG;
				SWIFT_OPTIMIZATION_LEVEL = "-Onone";
			};
			name = Debug;
		};
		BE013B241E6C83A000B527B2 /* Release */ = {
			isa = XCBuildConfiguration;
			buildSettings = {
				ALWAYS_SEARCH_USER_PATHS = NO;
				CLANG_ANALYZER_NONNULL = YES;
				CLANG_CXX_LANGUAGE_STANDARD = "gnu++0x";
				CLANG_CXX_LIBRARY = "libc++";
				CLANG_ENABLE_MODULES = YES;
				CLANG_ENABLE_OBJC_ARC = YES;
				CLANG_WARN_BOOL_CONVERSION = YES;
				CLANG_WARN_CONSTANT_CONVERSION = YES;
				CLANG_WARN_DIRECT_OBJC_ISA_USAGE = YES_ERROR;
				CLANG_WARN_DOCUMENTATION_COMMENTS = YES;
				CLANG_WARN_EMPTY_BODY = YES;
				CLANG_WARN_ENUM_CONVERSION = YES;
				CLANG_WARN_INFINITE_RECURSION = YES;
				CLANG_WARN_INT_CONVERSION = YES;
				CLANG_WARN_OBJC_ROOT_CLASS = YES_ERROR;
				CLANG_WARN_SUSPICIOUS_MOVE = YES;
				CLANG_WARN_UNREACHABLE_CODE = YES;
				CLANG_WARN__DUPLICATE_METHOD_MATCH = YES;
				"CODE_SIGN_IDENTITY[sdk=iphoneos*]" = "iPhone Developer";
				COPY_PHASE_STRIP = NO;
				DEBUG_INFORMATION_FORMAT = "dwarf-with-dsym";
				ENABLE_NS_ASSERTIONS = NO;
				ENABLE_STRICT_OBJC_MSGSEND = YES;
				GCC_C_LANGUAGE_STANDARD = gnu99;
				GCC_NO_COMMON_BLOCKS = YES;
				GCC_WARN_64_TO_32_BIT_CONVERSION = YES;
				GCC_WARN_ABOUT_RETURN_TYPE = YES_ERROR;
				GCC_WARN_UNDECLARED_SELECTOR = YES;
				GCC_WARN_UNINITIALIZED_AUTOS = YES_AGGRESSIVE;
				GCC_WARN_UNUSED_FUNCTION = YES;
				GCC_WARN_UNUSED_VARIABLE = YES;
				IPHONEOS_DEPLOYMENT_TARGET = 10.2;
				MTL_ENABLE_DEBUG_INFO = NO;
				SDKROOT = iphoneos;
				SWIFT_OPTIMIZATION_LEVEL = "-Owholemodule";
				VALIDATE_PRODUCT = YES;
			};
			name = Release;
		};
		BE013B261E6C83A000B527B2 /* Debug */ = {
			isa = XCBuildConfiguration;
			buildSettings = {
				ASSETCATALOG_COMPILER_APPICON_NAME = AppIcon;
				INFOPLIST_FILE = "Api Demo/Info.plist";
				LD_RUNPATH_SEARCH_PATHS = "$(inherited) @executable_path/Frameworks";
				PRODUCT_BUNDLE_IDENTIFIER = "com.appFish.Api-Demo";
				PRODUCT_NAME = "$(TARGET_NAME)";
				SWIFT_VERSION = 3.0;
			};
			name = Debug;
		};
		BE013B271E6C83A000B527B2 /* Release */ = {
			isa = XCBuildConfiguration;
			buildSettings = {
				ASSETCATALOG_COMPILER_APPICON_NAME = AppIcon;
				INFOPLIST_FILE = "Api Demo/Info.plist";
				LD_RUNPATH_SEARCH_PATHS = "$(inherited) @executable_path/Frameworks";
				PRODUCT_BUNDLE_IDENTIFIER = "com.appFish.Api-Demo";
				PRODUCT_NAME = "$(TARGET_NAME)";
				SWIFT_VERSION = 3.0;
			};
			name = Release;
		};
/* End XCBuildConfiguration section */

/* Begin XCConfigurationList section */
		BE013B0E1E6C83A000B527B2 /* Build configuration list for PBXProject "Api Demo" */ = {
			isa = XCConfigurationList;
			buildConfigurations = (
				BE013B231E6C83A000B527B2 /* Debug */,
				BE013B241E6C83A000B527B2 /* Release */,
			);
			defaultConfigurationIsVisible = 0;
			defaultConfigurationName = Release;
		};
		BE013B251E6C83A000B527B2 /* Build configuration list for PBXNativeTarget "Api Demo" */ = {
			isa = XCConfigurationList;
			buildConfigurations = (
				BE013B261E6C83A000B527B2 /* Debug */,
				BE013B271E6C83A000B527B2 /* Release */,
			);
			defaultConfigurationIsVisible = 0;
		};
/* End XCConfigurationList section */
	};
	rootObject = BE013B0B1E6C83A000B527B2 /* Project object */;
}
