// !$*UTF8*$!
{
	archiveVersion = 1;
	classes = {
	};
	objectVersion = 46;
	objects = {

/* Begin PBXBuildFile section */
		BE37454D1E6994AC00A4046F /* AppDelegate.swift in Sources */ = {isa = PBXBuildFile; fileRef = BE37454C1E6994AC00A4046F /* AppDelegate.swift */; };
		BE37454F1E6994AC00A4046F /* ViewController.swift in Sources */ = {isa = PBXBuildFile; fileRef = BE37454E1E6994AC00A4046F /* ViewController.swift */; };
		BE3745521E6994AC00A4046F /* Main.storyboard in Resources */ = {isa = PBXBuildFile; fileRef = BE3745501E6994AC00A4046F /* Main.storyboard */; };
		BE3745541E6994AC00A4046F /* Assets.xcassets in Resources */ = {isa = PBXBuildFile; fileRef = BE3745531E6994AC00A4046F /* Assets.xcassets */; };
		BE3745571E6994AC00A4046F /* LaunchScreen.storyboard in Resources */ = {isa = PBXBuildFile; fileRef = BE3745551E6994AC00A4046F /* LaunchScreen.storyboard */; };
/* End PBXBuildFile section */

/* Begin PBXFileReference section */
		BE3745491E6994AC00A4046F /* Downloading web content.app */ = {isa = PBXFileReference; explicitFileType = wrapper.application; includeInIndex = 0; path = "Downloading web content.app"; sourceTree = BUILT_PRODUCTS_DIR; };
		BE37454C1E6994AC00A4046F /* AppDelegate.swift */ = {isa = PBXFileReference; lastKnownFileType = sourcecode.swift; path = AppDelegate.swift; sourceTree = "<group>"; };
		BE37454E1E6994AC00A4046F /* ViewController.swift */ = {isa = PBXFileReference; lastKnownFileType = sourcecode.swift; path = ViewController.swift; sourceTree = "<group>"; };
		BE3745511E6994AC00A4046F /* Base */ = {isa = PBXFileReference; lastKnownFileType = file.storyboard; name = Base; path = Base.lproj/Main.storyboard; sourceTree = "<group>"; };
		BE3745531E6994AC00A4046F /* Assets.xcassets */ = {isa = PBXFileReference; lastKnownFileType = folder.assetcatalog; path = Assets.xcassets; sourceTree = "<group>"; };
		BE3745561E6994AC00A4046F /* Base */ = {isa = PBXFileReference; lastKnownFileType = file.storyboard; name = Base; path = Base.lproj/LaunchScreen.storyboard; sourceTree = "<group>"; };
		BE3745581E6994AC00A4046F /* Info.plist */ = {isa = PBXFileReference; lastKnownFileType = text.plist.xml; path = Info.plist; sourceTree = "<group>"; };
/* End PBXFileReference section */

/* Begin PBXFrameworksBuildPhase section */
		BE3745461E6994AC00A4046F /* Frameworks */ = {
			isa = PBXFrameworksBuildPhase;
			buildActionMask = 2147483647;
			files = (
			);
			runOnlyForDeploymentPostprocessing = 0;
		};
/* End PBXFrameworksBuildPhase section */

/* Begin PBXGroup section */
		BE3745401E6994AC00A4046F = {
			isa = PBXGroup;
			children = (
				BE37454B1E6994AC00A4046F /* Downloading web content */,
				BE37454A1E6994AC00A4046F /* Products */,
			);
			sourceTree = "<group>";
		};
		BE37454A1E6994AC00A4046F /* Products */ = {
			isa = PBXGroup;
			children = (
				BE3745491E6994AC00A4046F /* Downloading web content.app */,
			);
			name = Products;
			sourceTree = "<group>";
		};
		BE37454B1E6994AC00A4046F /* Downloading web content */ = {
			isa = PBXGroup;
			children = (
				BE37454C1E6994AC00A4046F /* AppDelegate.swift */,
				BE37454E1E6994AC00A4046F /* ViewController.swift */,
				BE3745501E6994AC00A4046F /* Main.storyboard */,
				BE3745531E6994AC00A4046F /* Assets.xcassets */,
				BE3745551E6994AC00A4046F /* LaunchScreen.storyboard */,
				BE3745581E6994AC00A4046F /* Info.plist */,
			);
			path = "Downloading web content";
			sourceTree = "<group>";
		};
/* End PBXGroup section */

/* Begin PBXNativeTarget section */
		BE3745481E6994AC00A4046F /* Downloading web content */ = {
			isa = PBXNativeTarget;
			buildConfigurationList = BE37455B1E6994AC00A4046F /* Build configuration list for PBXNativeTarget "Downloading web content" */;
			buildPhases = (
				BE3745451E6994AC00A4046F /* Sources */,
				BE3745461E6994AC00A4046F /* Frameworks */,
				BE3745471E6994AC00A4046F /* Resources */,
			);
			buildRules = (
			);
			dependencies = (
			);
			name = "Downloading web content";
			productName = "Downloading web content";
			productReference = BE3745491E6994AC00A4046F /* Downloading web content.app */;
			productType = "com.apple.product-type.application";
		};
/* End PBXNativeTarget section */

/* Begin PBXProject section */
		BE3745411E6994AC00A4046F /* Project object */ = {
			isa = PBXProject;
			attributes = {
				LastSwiftUpdateCheck = 0820;
				LastUpgradeCheck = 0820;
				ORGANIZATIONNAME = "arjun gupta";
				TargetAttributes = {
					BE3745481E6994AC00A4046F = {
						CreatedOnToolsVersion = 8.2.1;
						ProvisioningStyle = Automatic;
					};
				};
			};
			buildConfigurationList = BE3745441E6994AC00A4046F /* Build configuration list for PBXProject "Downloading web content" */;
			compatibilityVersion = "Xcode 3.2";
			developmentRegion = English;
			hasScannedForEncodings = 0;
			knownRegions = (
				en,
				Base,
			);
			mainGroup = BE3745401E6994AC00A4046F;
			productRefGroup = BE37454A1E6994AC00A4046F /* Products */;
			projectDirPath = "";
			projectRoot = "";
			targets = (
				BE3745481E6994AC00A4046F /* Downloading web content */,
			);
		};
/* End PBXProject section */

/* Begin PBXResourcesBuildPhase section */
		BE3745471E6994AC00A4046F /* Resources */ = {
			isa = PBXResourcesBuildPhase;
			buildActionMask = 2147483647;
			files = (
				BE3745571E6994AC00A4046F /* LaunchScreen.storyboard in Resources */,
				BE3745541E6994AC00A4046F /* Assets.xcassets in Resources */,
				BE3745521E6994AC00A4046F /* Main.storyboard in Resources */,
			);
			runOnlyForDeploymentPostprocessing = 0;
		};
/* End PBXResourcesBuildPhase section */

/* Begin PBXSourcesBuildPhase section */
		BE3745451E6994AC00A4046F /* Sources */ = {
			isa = PBXSourcesBuildPhase;
			buildActionMask = 2147483647;
			files = (
				BE37454F1E6994AC00A4046F /* ViewController.swift in Sources */,
				BE37454D1E6994AC00A4046F /* AppDelegate.swift in Sources */,
			);
			runOnlyForDeploymentPostprocessing = 0;
		};
/* End PBXSourcesBuildPhase section */

/* Begin PBXVariantGroup section */
		BE3745501E6994AC00A4046F /* Main.storyboard */ = {
			isa = PBXVariantGroup;
			children = (
				BE3745511E6994AC00A4046F /* Base */,
			);
			name = Main.storyboard;
			sourceTree = "<group>";
		};
		BE3745551E6994AC00A4046F /* LaunchScreen.storyboard */ = {
			isa = PBXVariantGroup;
			children = (
				BE3745561E6994AC00A4046F /* Base */,
			);
			name = LaunchScreen.storyboard;
			sourceTree = "<group>";
		};
/* End PBXVariantGroup section */

/* Begin XCBuildConfiguration section */
		BE3745591E6994AC00A4046F /* Debug */ = {
			isa = XCBuildConfiguration;
			buildSettings = {
				ALWAYS_SEARCH_USER_PATHS = NO;
				CLANG_ANALYZER_NONNULL = YES;
				CLANG_CXX_LANGUAGE_STANDARD = "gnu++0x";
				CLANG_CXX_LIBRARY = "libc++";
				CLANG_ENABLE_MODULES = YES;
				CLANG_ENABLE_OBJC_ARC = YES;
				CLANG_WARN_BOOL_CONVERSION = YES;
				CLANG_WARN_CONSTANT_CONVERSION = YES;
				CLANG_WARN_DIRECT_OBJC_ISA_USAGE = YES_ERROR;
				CLANG_WARN_DOCUMENTATION_COMMENTS = YES;
				CLANG_WARN_EMPTY_BODY = YES;
				CLANG_WARN_ENUM_CONVERSION = YES;
				CLANG_WARN_INFINITE_RECURSION = YES;
				CLANG_WARN_INT_CONVERSION = YES;
				CLANG_WARN_OBJC_ROOT_CLASS = YES_ERROR;
				CLANG_WARN_SUSPICIOUS_MOVE = YES;
				CLANG_WARN_UNREACHABLE_CODE = YES;
				CLANG_WARN__DUPLICATE_METHOD_MATCH = YES;
				"CODE_SIGN_IDENTITY[sdk=iphoneos*]" = "iPhone Developer";
				COPY_PHASE_STRIP = NO;
				DEBUG_INFORMATION_FORMAT = dwarf;
				ENABLE_STRICT_OBJC_MSGSEND = YES;
				ENABLE_TESTABILITY = YES;
				GCC_C_LANGUAGE_STANDARD = gnu99;
				GCC_DYNAMIC_NO_PIC = NO;
				GCC_NO_COMMON_BLOCKS = YES;
				GCC_OPTIMIZATION_LEVEL = 0;
				GCC_PREPROCESSOR_DEFINITIONS = (
					"DEBUG=1",
					"$(inherited)",
				);
				GCC_WARN_64_TO_32_BIT_CONVERSION = YES;
				GCC_WARN_ABOUT_RETURN_TYPE = YES_ERROR;
				GCC_WARN_UNDECLARED_SELECTOR = YES;
				GCC_WARN_UNINITIALIZED_AUTOS = YES_AGGRESSIVE;
				GCC_WARN_UNUSED_FUNCTION = YES;
				GCC_WARN_UNUSED_VARIABLE = YES;
				IPHONEOS_DEPLOYMENT_TARGET = 10.2;
				MTL_ENABLE_DEBUG_INFO = YES;
				ONLY_ACTIVE_ARCH = YES;
				SDKROOT = iphoneos;
				SWIFT_ACTIVE_COMPILATION_CONDITIONS = DEBUG;
				SWIFT_OPTIMIZATION_LEVEL = "-Onone";
			};
			name = Debug;
		};
		BE37455A1E6994AC00A4046F /* Release */ = {
			isa = XCBuildConfiguration;
			buildSettings = {
				ALWAYS_SEARCH_USER_PATHS = NO;
				CLANG_ANALYZER_NONNULL = YES;
				CLANG_CXX_LANGUAGE_STANDARD = "gnu++0x";
				CLANG_CXX_LIBRARY = "libc++";
				CLANG_ENABLE_MODULES = YES;
				CLANG_ENABLE_OBJC_ARC = YES;
				CLANG_WARN_BOOL_CONVERSION = YES;
				CLANG_WARN_CONSTANT_CONVERSION = YES;
				CLANG_WARN_DIRECT_OBJC_ISA_USAGE = YES_ERROR;
				CLANG_WARN_DOCUMENTATION_COMMENTS = YES;
				CLANG_WARN_EMPTY_BODY = YES;
				CLANG_WARN_ENUM_CONVERSION = YES;
				CLANG_WARN_INFINITE_RECURSION = YES;
				CLANG_WARN_INT_CONVERSION = YES;
				CLANG_WARN_OBJC_ROOT_CLASS = YES_ERROR;
				CLANG_WARN_SUSPICIOUS_MOVE = YES;
				CLANG_WARN_UNREACHABLE_CODE = YES;
				CLANG_WARN__DUPLICATE_METHOD_MATCH = YES;
				"CODE_SIGN_IDENTITY[sdk=iphoneos*]" = "iPhone Developer";
				COPY_PHASE_STRIP = NO;
				DEBUG_INFORMATION_FORMAT = "dwarf-with-dsym";
				ENABLE_NS_ASSERTIONS = NO;
				ENABLE_STRICT_OBJC_MSGSEND = YES;
				GCC_C_LANGUAGE_STANDARD = gnu99;
				GCC_NO_COMMON_BLOCKS = YES;
				GCC_WARN_64_TO_32_BIT_CONVERSION = YES;
				GCC_WARN_ABOUT_RETURN_TYPE = YES_ERROR;
				GCC_WARN_UNDECLARED_SELECTOR = YES;
				GCC_WARN_UNINITIALIZED_AUTOS = YES_AGGRESSIVE;
				GCC_WARN_UNUSED_FUNCTION = YES;
				GCC_WARN_UNUSED_VARIABLE = YES;
				IPHONEOS_DEPLOYMENT_TARGET = 10.2;
				MTL_ENABLE_DEBUG_INFO = NO;
				SDKROOT = iphoneos;
				SWIFT_OPTIMIZATION_LEVEL = "-Owholemodule";
				VALIDATE_PRODUCT = YES;
			};
			name = Release;
		};
		BE37455C1E6994AC00A4046F /* Debug */ = {
			isa = XCBuildConfiguration;
			buildSettings = {
				ASSETCATALOG_COMPILER_APPICON_NAME = AppIcon;
				INFOPLIST_FILE = "Downloading web content/Info.plist";
				LD_RUNPATH_SEARCH_PATHS = "$(inherited) @executable_path/Frameworks";
				PRODUCT_BUNDLE_IDENTIFIER = "com.appFish.Downloading-web-content";
				PRODUCT_NAME = "$(TARGET_NAME)";
				SWIFT_VERSION = 3.0;
			};
			name = Debug;
		};
		BE37455D1E6994AC00A4046F /* Release */ = {
			isa = XCBuildConfiguration;
			buildSettings = {
				ASSETCATALOG_COMPILER_APPICON_NAME = AppIcon;
				INFOPLIST_FILE = "Downloading web content/Info.plist";
				LD_RUNPATH_SEARCH_PATHS = "$(inherited) @executable_path/Frameworks";
				PRODUCT_BUNDLE_IDENTIFIER = "com.appFish.Downloading-web-content";
				PRODUCT_NAME = "$(TARGET_NAME)";
				SWIFT_VERSION = 3.0;
			};
			name = Release;
		};
/* End XCBuildConfiguration section */

/* Begin XCConfigurationList section */
		BE3745441E6994AC00A4046F /* Build configuration list for PBXProject "Downloading web content" */ = {
			isa = XCConfigurationList;
			buildConfigurations = (
				BE3745591E6994AC00A4046F /* Debug */,
				BE37455A1E6994AC00A4046F /* Release */,
			);
			defaultConfigurationIsVisible = 0;
			defaultConfigurationName = Release;
		};
		BE37455B1E6994AC00A4046F /* Build configuration list for PBXNativeTarget "Downloading web content" */ = {
			isa = XCConfigurationList;
			buildConfigurations = (
				BE37455C1E6994AC00A4046F /* Debug */,
				BE37455D1E6994AC00A4046F /* Release */,
			);
			defaultConfigurationIsVisible = 0;
		};
/* End XCConfigurationList section */
	};
	rootObject = BE3745411E6994AC00A4046F /* Project object */;
}
